
Microsoft Visual Studio Solution File, Format Version 12.00
# Visual Studio Version 16
VisualStudioVersion = 16.0.30523.141
MinimumVisualStudioVersion = 10.0.40219.1
Project("{FAE04EC0-301F-11D3-BF4B-00C04F79EFBC}") = "OOO Povarenok", "OOO Povarenok\OOO Povarenok.csproj", "{1E5AD8E9-1F1F-42B5-BBF3-65A1295A27AB}"
EndProject
Global
	GlobalSection(SolutionConfigurationPlatforms) = preSolution
		Debug|Any CPU = Debug|Any CPU
		Release|Any CPU = Release|Any CPU
	EndGlobalSection
	GlobalSection(ProjectConfigurationPlatforms) = postSolution
		{1E5AD8E9-1F1F-42B5-BBF3-65A1295A27AB}.Debug|Any CPU.ActiveCfg = Debug|Any CPU
		{1E5AD8E9-1F1F-42B5-BBF3-65A1295A27AB}.Debug|Any CPU.Build.0 = Debug|Any CPU
		{1E5AD8E9-1F1F-42B5-BBF3-65A1295A27AB}.Release|Any CPU.ActiveCfg = Release|Any CPU
		{1E5AD8E9-1F1F-42B5-BBF3-65A1295A27AB}.Release|Any CPU.Build.0 = Release|Any CPU
	EndGlobalSection
	GlobalSection(SolutionProperties) = preSolution
		HideSolutionNode = FALSE
	EndGlobalSection
	GlobalSection(ExtensibilityGlobals) = postSolution
		SolutionGuid = {5BA031D7-7F82-4961-BB85-BDBF32AB6E9C}
	EndGlobalSection
EndGlobal
